Microsoft Visual Studio Solution File, Format Version 12.00
# Visual Studio 15
VisualStudioVersion = 15.0.27703.2026
MinimumVisualStudioVersion = 10.0.40219.1
Project("{8BC9CEB8-8B4A-11D0-8D11-00A0C91BC942}") = "HIDLoggerDLL", "HIDLogger\HIDLoggerDLL.vcxproj", "{12ADFAFF-5487-4286-AB9F-657B4086B14D}"
EndProject
Project("{FAE04EC0-301F-11D3-BF4B-00C04F79EFBC}") = "HIDLoggerCmd", "HIDLoggerCmd\HIDLoggerCmd.csproj", "{42577DBD-724C-47A8-8134-6CE51FF0C367}"
EndProject
Project("{FAE04EC0-301F-11D3-BF4B-00C04F79EFBC}") = "HIDLoggerGui", "HIDLoggerGui\HIDLoggerGui.csproj", "{CFCBF058-1B41-4A43-8E8B-C5441E77CFC5}"
EndProject
Project("{8BC9CEB8-8B4A-11D0-8D11-00A0C91BC942}") = "HIDMapperDLL", "HIDMapper\HIDMapperDLL.vcxproj", "{12ADFAFF-5487-4286-AB9F-657B4086B14E}"
EndProject
Project("{FAE04EC0-301F-11D3-BF4B-00C04F79EFBC}") = "HIDMapperGui", "HIDMapperGui\HIDMapperGui.csproj", "{1DA0EEDF-ADEA-4D92-BC4D-3B1C2BF16F0B}"
EndProject
Global
	GlobalSection(SolutionConfigurationPlatforms) = preSolution
		Debug|x64 = Debug|x64
		Debug|x86 = Debug|x86
		Profile|x64 = Profile|x64
		Profile|x86 = Profile|x86
		Release x64|x64 = Release x64|x64
		Release x64|x86 = Release x64|x86
		Release|x64 = Release|x64
		Release|x86 = Release|x86
	EndGlobalSection
	GlobalSection(ProjectConfigurationPlatforms) = postSolution
		{12ADFAFF-5487-4286-AB9F-657B4086B14D}.Debug|x64.ActiveCfg = Debug|x64
		{12ADFAFF-5487-4286-AB9F-657B4086B14D}.Debug|x64.Build.0 = Debug|x64
		{12ADFAFF-5487-4286-AB9F-657B4086B14D}.Debug|x86.ActiveCfg = Debug|Win32
		{12ADFAFF-5487-4286-AB9F-657B4086B14D}.Debug|x86.Build.0 = Debug|Win32
		{12ADFAFF-5487-4286-AB9F-657B4086B14D}.Profile|x64.ActiveCfg = Profile|x64
		{12ADFAFF-5487-4286-AB9F-657B4086B14D}.Profile|x64.Build.0 = Profile|x64
		{12ADFAFF-5487-4286-AB9F-657B4086B14D}.Profile|x86.ActiveCfg = Profile|Win32
		{12ADFAFF-5487-4286-AB9F-657B4086B14D}.Profile|x86.Build.0 = Profile|Win32
		{12ADFAFF-5487-4286-AB9F-657B4086B14D}.Release x64|x64.ActiveCfg = Release|x64
		{12ADFAFF-5487-4286-AB9F-657B4086B14D}.Release x64|x64.Build.0 = Release|x64
		{12ADFAFF-5487-4286-AB9F-657B4086B14D}.Release x64|x86.ActiveCfg = Release|Win32
		{12ADFAFF-5487-4286-AB9F-657B4086B14D}.Release x64|x86.Build.0 = Release|Win32
		{12ADFAFF-5487-4286-AB9F-657B4086B14D}.Release|x64.ActiveCfg = Release|x64
		{12ADFAFF-5487-4286-AB9F-657B4086B14D}.Release|x64.Build.0 = Release|x64
		{12ADFAFF-5487-4286-AB9F-657B4086B14D}.Release|x86.ActiveCfg = Release|Win32
		{12ADFAFF-5487-4286-AB9F-657B4086B14D}.Release|x86.Build.0 = Release|Win32
		{42577DBD-724C-47A8-8134-6CE51FF0C367}.Debug|x64.ActiveCfg = Debug|x64
		{42577DBD-724C-47A8-8134-6CE51FF0C367}.Debug|x64.Build.0 = Debug|x64
		{42577DBD-724C-47A8-8134-6CE51FF0C367}.Debug|x86.ActiveCfg = Debug|x86
		{42577DBD-724C-47A8-8134-6CE51FF0C367}.Debug|x86.Build.0 = Debug|x86
		{42577DBD-724C-47A8-8134-6CE51FF0C367}.Profile|x64.ActiveCfg = Release|x64
		{42577DBD-724C-47A8-8134-6CE51FF0C367}.Profile|x64.Build.0 = Release|x64
		{42577DBD-724C-47A8-8134-6CE51FF0C367}.Profile|x86.ActiveCfg = Release|x86
		{42577DBD-724C-47A8-8134-6CE51FF0C367}.Profile|x86.Build.0 = Release|x86
		{42577DBD-724C-47A8-8134-6CE51FF0C367}.Release x64|x64.ActiveCfg = Release|x64
		{42577DBD-724C-47A8-8134-6CE51FF0C367}.Release x64|x64.Build.0 = Release|x64
		{42577DBD-724C-47A8-8134-6CE51FF0C367}.Release x64|x86.ActiveCfg = Release|x86
		{42577DBD-724C-47A8-8134-6CE51FF0C367}.Release x64|x86.Build.0 = Release|x86
		{42577DBD-724C-47A8-8134-6CE51FF0C367}.Release|x64.ActiveCfg = Release|x64
		{42577DBD-724C-47A8-8134-6CE51FF0C367}.Release|x64.Build.0 = Release|x64
		{42577DBD-724C-47A8-8134-6CE51FF0C367}.Release|x86.ActiveCfg = Release|x86
		{42577DBD-724C-47A8-8134-6CE51FF0C367}.Release|x86.Build.0 = Release|x86
		{CFCBF058-1B41-4A43-8E8B-C5441E77CFC5}.Debug|x64.ActiveCfg = Debug|x64
		{CFCBF058-1B41-4A43-8E8B-C5441E77CFC5}.Debug|x64.Build.0 = Debug|x64
		{CFCBF058-1B41-4A43-8E8B-C5441E77CFC5}.Debug|x86.ActiveCfg = Debug|x86
		{CFCBF058-1B41-4A43-8E8B-C5441E77CFC5}.Debug|x86.Build.0 = Debug|x86
		{CFCBF058-1B41-4A43-8E8B-C5441E77CFC5}.Profile|x64.ActiveCfg = Release|x64
		{CFCBF058-1B41-4A43-8E8B-C5441E77CFC5}.Profile|x64.Build.0 = Release|x64
		{CFCBF058-1B41-4A43-8E8B-C5441E77CFC5}.Profile|x86.ActiveCfg = Release|x86
		{CFCBF058-1B41-4A43-8E8B-C5441E77CFC5}.Profile|x86.Build.0 = Release|x86
		{CFCBF058-1B41-4A43-8E8B-C5441E77CFC5}.Release x64|x64.ActiveCfg = Release|x64
		{CFCBF058-1B41-4A43-8E8B-C5441E77CFC5}.Release x64|x64.Build.0 = Release|x64
		{CFCBF058-1B41-4A43-8E8B-C5441E77CFC5}.Release x64|x86.ActiveCfg = Release|x86
		{CFCBF058-1B41-4A43-8E8B-C5441E77CFC5}.Release x64|x86.Build.0 = Release|x86
		{CFCBF058-1B41-4A43-8E8B-C5441E77CFC5}.Release|x64.ActiveCfg = Release|x64
		{CFCBF058-1B41-4A43-8E8B-C5441E77CFC5}.Release|x64.Build.0 = Release|x64
		{CFCBF058-1B41-4A43-8E8B-C5441E77CFC5}.Release|x86.ActiveCfg = Release|x86
		{CFCBF058-1B41-4A43-8E8B-C5441E77CFC5}.Release|x86.Build.0 = Release|x86
		{12ADFAFF-5487-4286-AB9F-657B4086B14E}.Debug|x64.ActiveCfg = Debug|x64
		{12ADFAFF-5487-4286-AB9F-657B4086B14E}.Debug|x64.Build.0 = Debug|x64
		{12ADFAFF-5487-4286-AB9F-657B4086B14E}.Debug|x86.ActiveCfg = Debug|Win32
		{12ADFAFF-5487-4286-AB9F-657B4086B14E}.Debug|x86.Build.0 = Debug|Win32
		{12ADFAFF-5487-4286-AB9F-657B4086B14E}.Profile|x64.ActiveCfg = Profile|x64
		{12ADFAFF-5487-4286-AB9F-657B4086B14E}.Profile|x64.Build.0 = Profile|x64
		{12ADFAFF-5487-4286-AB9F-657B4086B14E}.Profile|x86.ActiveCfg = Profile|Win32
		{12ADFAFF-5487-4286-AB9F-657B4086B14E}.Profile|x86.Build.0 = Profile|Win32
		{12ADFAFF-5487-4286-AB9F-657B4086B14E}.Release x64|x64.ActiveCfg = Release|x64
		{12ADFAFF-5487-4286-AB9F-657B4086B14E}.Release x64|x64.Build.0 = Release|x64
		{12ADFAFF-5487-4286-AB9F-657B4086B14E}.Release x64|x86.ActiveCfg = Release|Win32
		{12ADFAFF-5487-4286-AB9F-657B4086B14E}.Release x64|x86.Build.0 = Release|Win32
		{12ADFAFF-5487-4286-AB9F-657B4086B14E}.Release|x64.ActiveCfg = Release|x64
		{12ADFAFF-5487-4286-AB9F-657B4086B14E}.Release|x64.Build.0 = Release|x64
		{12ADFAFF-5487-4286-AB9F-657B4086B14E}.Release|x86.ActiveCfg = Release|Win32
		{12ADFAFF-5487-4286-AB9F-657B4086B14E}.Release|x86.Build.0 = Release|Win32
		{1DA0EEDF-ADEA-4D92-BC4D-3B1C2BF16F0B}.Debug|x64.ActiveCfg = Debug|x64
		{1DA0EEDF-ADEA-4D92-BC4D-3B1C2BF16F0B}.Debug|x64.Build.0 = Debug|x64
		{1DA0EEDF-ADEA-4D92-BC4D-3B1C2BF16F0B}.Debug|x86.ActiveCfg = Debug|x86
		{1DA0EEDF-ADEA-4D92-BC4D-3B1C2BF16F0B}.Debug|x86.Build.0 = Debug|x86
		{1DA0EEDF-ADEA-4D92-BC4D-3B1C2BF16F0B}.Profile|x64.ActiveCfg = Release|x64
		{1DA0EEDF-ADEA-4D92-BC4D-3B1C2BF16F0B}.Profile|x64.Build.0 = Release|x64
		{1DA0EEDF-ADEA-4D92-BC4D-3B1C2BF16F0B}.Profile|x86.ActiveCfg = Release|x86
		{1DA0EEDF-ADEA-4D92-BC4D-3B1C2BF16F0B}.Profile|x86.Build.0 = Release|x86
		{1DA0EEDF-ADEA-4D92-BC4D-3B1C2BF16F0B}.Release x64|x64.ActiveCfg = Release|x64
		{1DA0EEDF-ADEA-4D92-BC4D-3B1C2BF16F0B}.Release x64|x64.Build.0 = Release|x64
		{1DA0EEDF-ADEA-4D92-BC4D-3B1C2BF16F0B}.Release x64|x86.ActiveCfg = Release|x86
		{1DA0EEDF-ADEA-4D92-BC4D-3B1C2BF16F0B}.Release x64|x86.Build.0 = Release|x86
		{1DA0EEDF-ADEA-4D92-BC4D-3B1C2BF16F0B}.Release|x64.ActiveCfg = Release|x64
		{1DA0EEDF-ADEA-4D92-BC4D-3B1C2BF16F0B}.Release|x64.Build.0 = Release|x64
		{1DA0EEDF-ADEA-4D92-BC4D-3B1C2BF16F0B}.Release|x86.ActiveCfg = Release|x86
		{1DA0EEDF-ADEA-4D92-BC4D-3B1C2BF16F0B}.Release|x86.Build.0 = Release|x86
	EndGlobalSection
	GlobalSection(SolutionProperties) = preSolution
		HideSolutionNode = FALSE
	EndGlobalSection
	GlobalSection(ExtensibilityGlobals) = postSolution
		SolutionGuid = {51707503-39AE-4C21-93B0-7709048E3F00}
	EndGlobalSection
EndGlobal
