<?xml version="1.0" encoding="utf-8"?>
<Project ToolsVersion="4.0" xmlns:atg="http://atg.xbox.com" xmlns="http://schemas.microsoft.com/developer/msbuild/2003">
  <ItemGroup>
    <ClCompile Include="MapperJoystickToKeyboard.cpp" />
    <ClCompile Include="MapperBase.cpp" />
    <ClCompile Include="HIDMapperInterface.cpp" />
    <ClCompile Include="MapperJoystick.cpp" />
    <ClCompile Include="MapperKeyboard.cpp" />
    <ClCompile Include="MapperMouse.cpp" />
    <ClCompile Include="HIDStateChangeArgs.cpp" />
  </ItemGroup>
  <ItemGroup>
    <ClInclude Include="LimitSingleInstance.h" />
    <ClInclude Include="MapperJoystickToKeyboard.h" />
    <ClInclude Include="MapperJoystickToKeyboardConfig.h" />
    <ClInclude Include="MapperBase.h" />
    <ClInclude Include="HIDMapperInterface.h" />
    <ClInclude Include="MapperJoystick.h" />
    <ClInclude Include="MapperKeyboard.h" />
    <ClInclude Include="MapperMouse.h" />
    <ClInclude Include="HIDStateChangeArgs.h" />
  </ItemGroup>
  <ItemGroup>
    <Text Include="Readme Standalone Mapper.txt" />
  </ItemGroup>
</Project>